
Microsoft Visual Studio Solution File, Format Version 12.00
# Visual Studio Version 16
VisualStudioVersion = 16.0.31624.102
MinimumVisualStudioVersion = 10.0.40219.1
Project("{8BC9CEB8-8B4A-11D0-8D11-00A0C91BC942}") = "AMO_lab2", "AMO_lab2\AMO_lab2.vcxproj", "{DA065B4B-36B9-4334-ADCD-289D085F752D}"
EndProject
Global
	GlobalSection(SolutionConfigurationPlatforms) = preSolution
		Debug|x64 = Debug|x64
		Debug|x86 = Debug|x86
		Release|x64 = Release|x64
		Release|x86 = Release|x86
	EndGlobalSection
	GlobalSection(ProjectConfigurationPlatforms) = postSolution
		{DA065B4B-36B9-4334-ADCD-289D085F752D}.Debug|x64.ActiveCfg = Debug|x64
		{DA065B4B-36B9-4334-ADCD-289D085F752D}.Debug|x64.Build.0 = Debug|x64
		{DA065B4B-36B9-4334-ADCD-289D085F752D}.Debug|x86.ActiveCfg = Debug|Win32
		{DA065B4B-36B9-4334-ADCD-289D085F752D}.Debug|x86.Build.0 = Debug|Win32
		{DA065B4B-36B9-4334-ADCD-289D085F752D}.Release|x64.ActiveCfg = Release|x64
		{DA065B4B-36B9-4334-ADCD-289D085F752D}.Release|x64.Build.0 = Release|x64
		{DA065B4B-36B9-4334-ADCD-289D085F752D}.Release|x86.ActiveCfg = Release|Win32
		{DA065B4B-36B9-4334-ADCD-289D085F752D}.Release|x86.Build.0 = Release|Win32
	EndGlobalSection
	GlobalSection(SolutionProperties) = preSolution
		HideSolutionNode = FALSE
	EndGlobalSection
	GlobalSection(ExtensibilityGlobals) = postSolution
		SolutionGuid = {21CC4DBC-72D4-487B-8012-21AD13A4D1DF}
	EndGlobalSection
EndGlobal
